{
  "originHash" : "c544eee966bca1524f8ace6050fedf49cc1be507abd9bff00688221f09fcf974",
  "pins" : [
    {
      "identity" : "launchatlogin",
      "kind" : "remoteSourceControl",
      "location" : "https://github.com/sindresorhus/LaunchAtLogin",
      "state" : {
        "branch" : "main",
        "revision" : "22923d335429bfd38c52435505b06a10bcc520fd"
      }
    },
    {
      "identity" : "settingsaccess",
      "kind" : "remoteSourceControl",
      "location" : "https://github.com/orchetect/SettingsAccess",
      "state" : {
        "revision" : "0fd73c8b5892e88acb13adb7f36a4ba9293a0061",
        "version" : "1.4.0"
      }
    }
  ],
  "version" : 3
}
