// !$*UTF8*$!
{
	archiveVersion = 1;
	classes = {
	};
	objectVersion = 56;
	objects = {

/* Begin PBXBuildFile section */
		141C0C0C2B396F4C0098D000 /* SettingViewConstants.swift in Sources */ = {isa = PBXBuildFile; fileRef = 141C0C0B2B396F4C0098D000 /* SettingViewConstants.swift */; };
		142A4E812A6A5B97006D5A32 /* SettingsView.swift in Sources */ = {isa = PBXBuildFile; fileRef = 142A4E802A6A5B97006D5A32 /* SettingsView.swift */; };
		143D74B22A67A415006CD07E /* ImageButtonView.swift in Sources */ = {isa = PBXBuildFile; fileRef = 143D74B12A67A415006CD07E /* ImageButtonView.swift */; };
		143D74B42A67C66B006CD07E /* HoverableImageButtonView.swift in Sources */ = {isa = PBXBuildFile; fileRef = 143D74B32A67C66B006CD07E /* HoverableImageButtonView.swift */; };
		143D74B62A67CBB7006CD07E /* DimensionConstants.swift in Sources */ = {isa = PBXBuildFile; fileRef = 143D74B52A67CBB7006CD07E /* DimensionConstants.swift */; };
		143D74BC2A67CF36006CD07E /* MovementModel.swift in Sources */ = {isa = PBXBuildFile; fileRef = 143D74BB2A67CF36006CD07E /* MovementModel.swift */; };
		14583AC82B36756700BF1D14 /* SettingsAccess in Frameworks */ = {isa = PBXBuildFile; productRef = 14583AC72B36756700BF1D14 /* SettingsAccess */; };
		14583ACA2B36763600BF1D14 /* NotificationSettingsView.swift in Sources */ = {isa = PBXBuildFile; fileRef = 14583AC92B36763600BF1D14 /* NotificationSettingsView.swift */; };
		146C22CC2B38273200D2A3FB /* Purr.aiff in Resources */ = {isa = PBXBuildFile; fileRef = 146C22BE2B38273200D2A3FB /* Purr.aiff */; };
		146C22CD2B38273200D2A3FB /* Frog.aiff in Resources */ = {isa = PBXBuildFile; fileRef = 146C22BF2B38273200D2A3FB /* Frog.aiff */; };
		146C22CE2B38273200D2A3FB /* Tink.aiff in Resources */ = {isa = PBXBuildFile; fileRef = 146C22C02B38273200D2A3FB /* Tink.aiff */; };
		146C22CF2B38273200D2A3FB /* Bottle.aiff in Resources */ = {isa = PBXBuildFile; fileRef = 146C22C12B38273200D2A3FB /* Bottle.aiff */; };
		146C22D02B38273200D2A3FB /* Sosumi.aiff in Resources */ = {isa = PBXBuildFile; fileRef = 146C22C22B38273200D2A3FB /* Sosumi.aiff */; };
		146C22D12B38273200D2A3FB /* Pop.aiff in Resources */ = {isa = PBXBuildFile; fileRef = 146C22C32B38273200D2A3FB /* Pop.aiff */; };
		146C22D22B38273200D2A3FB /* Blow.aiff in Resources */ = {isa = PBXBuildFile; fileRef = 146C22C42B38273200D2A3FB /* Blow.aiff */; };
		146C22D32B38273200D2A3FB /* Hero.aiff in Resources */ = {isa = PBXBuildFile; fileRef = 146C22C52B38273200D2A3FB /* Hero.aiff */; };
		146C22D42B38273200D2A3FB /* Ping.aiff in Resources */ = {isa = PBXBuildFile; fileRef = 146C22C62B38273200D2A3FB /* Ping.aiff */; };
		146C22D52B38273200D2A3FB /* Basso.aiff in Resources */ = {isa = PBXBuildFile; fileRef = 146C22C72B38273200D2A3FB /* Basso.aiff */; };
		146C22D62B38273200D2A3FB /* Submarine.aiff in Resources */ = {isa = PBXBuildFile; fileRef = 146C22C82B38273200D2A3FB /* Submarine.aiff */; };
		146C22D72B38273200D2A3FB /* Glass.aiff in Resources */ = {isa = PBXBuildFile; fileRef = 146C22C92B38273200D2A3FB /* Glass.aiff */; };
		146C22D82B38273200D2A3FB /* Morse.aiff in Resources */ = {isa = PBXBuildFile; fileRef = 146C22CA2B38273200D2A3FB /* Morse.aiff */; };
		146C22D92B38273200D2A3FB /* Funk.aiff in Resources */ = {isa = PBXBuildFile; fileRef = 146C22CB2B38273200D2A3FB /* Funk.aiff */; };
		1495C43C2A73A61300BED177 /* LaunchAtLogin in Frameworks */ = {isa = PBXBuildFile; productRef = 1495C43B2A73A61300BED177 /* LaunchAtLogin */; };
		1495C4422A73AC4100BED177 /* MessageConstants.swift in Sources */ = {isa = PBXBuildFile; fileRef = 1495C4412A73AC4100BED177 /* MessageConstants.swift */; };
		149CF31E2A693A0900DB79D0 /* CountdownView.swift in Sources */ = {isa = PBXBuildFile; fileRef = 149CF31D2A693A0900DB79D0 /* CountdownView.swift */; };
		149CF3202A693DCD00DB79D0 /* SessionView.swift in Sources */ = {isa = PBXBuildFile; fileRef = 149CF31F2A693DCD00DB79D0 /* SessionView.swift */; };
		149CF3222A693E3300DB79D0 /* HeaderView.swift in Sources */ = {isa = PBXBuildFile; fileRef = 149CF3212A693E3300DB79D0 /* HeaderView.swift */; };
		149CF3252A693FD800DB79D0 /* SessionMetricView.swift in Sources */ = {isa = PBXBuildFile; fileRef = 149CF3242A693FD800DB79D0 /* SessionMetricView.swift */; };
		149CF3272A6943E900DB79D0 /* ProgressView.swift in Sources */ = {isa = PBXBuildFile; fileRef = 149CF3262A6943E900DB79D0 /* ProgressView.swift */; };
		149CF3292A6944AB00DB79D0 /* ControlsView.swift in Sources */ = {isa = PBXBuildFile; fileRef = 149CF3282A6944AB00DB79D0 /* ControlsView.swift */; };
		14AE5CB22A6A386200647AFD /* SettingConstants.swift in Sources */ = {isa = PBXBuildFile; fileRef = 14AE5CB12A6A386200647AFD /* SettingConstants.swift */; };
		14C1DAD22A6FA6890045E6CE /* GeneralSettingsView.swift in Sources */ = {isa = PBXBuildFile; fileRef = 14C1DAD12A6FA6890045E6CE /* GeneralSettingsView.swift */; };
		14C1DAD62A6FC6540045E6CE /* DurationPickerView.swift in Sources */ = {isa = PBXBuildFile; fileRef = 14C1DAD52A6FC6540045E6CE /* DurationPickerView.swift */; };
		14DE267D2A6673A100754CC9 /* ProgressBarView.swift in Sources */ = {isa = PBXBuildFile; fileRef = 14DE267C2A6673A100754CC9 /* ProgressBarView.swift */; };
		14DE267F2A6674AF00754CC9 /* PopoverView.swift in Sources */ = {isa = PBXBuildFile; fileRef = 14DE267E2A6674AF00754CC9 /* PopoverView.swift */; };
		14DE798E2A61031E0090E61D /* StandoApp.swift in Sources */ = {isa = PBXBuildFile; fileRef = 14DE798D2A61031E0090E61D /* StandoApp.swift */; };
		14DE79922A61031F0090E61D /* Assets.xcassets in Resources */ = {isa = PBXBuildFile; fileRef = 14DE79912A61031F0090E61D /* Assets.xcassets */; };
		14DE79952A61031F0090E61D /* Preview Assets.xcassets in Resources */ = {isa = PBXBuildFile; fileRef = 14DE79942A61031F0090E61D /* Preview Assets.xcassets */; };
		14DE79A02A61031F0090E61D /* StandoTests.swift in Sources */ = {isa = PBXBuildFile; fileRef = 14DE799F2A61031F0090E61D /* StandoTests.swift */; };
		14DE79AA2A61031F0090E61D /* StandoUITests.swift in Sources */ = {isa = PBXBuildFile; fileRef = 14DE79A92A61031F0090E61D /* StandoUITests.swift */; };
		14DE79AC2A61031F0090E61D /* StandoUITestsLaunchTests.swift in Sources */ = {isa = PBXBuildFile; fileRef = 14DE79AB2A61031F0090E61D /* StandoUITestsLaunchTests.swift */; };
/* End PBXBuildFile section */

/* Begin PBXContainerItemProxy section */
		14DE799C2A61031F0090E61D /* PBXContainerItemProxy */ = {
			isa = PBXContainerItemProxy;
			containerPortal = 14DE79822A61031E0090E61D /* Project object */;
			proxyType = 1;
			remoteGlobalIDString = 14DE79892A61031E0090E61D;
			remoteInfo = Stando;
		};
		14DE79A62A61031F0090E61D /* PBXContainerItemProxy */ = {
			isa = PBXContainerItemProxy;
			containerPortal = 14DE79822A61031E0090E61D /* Project object */;
			proxyType = 1;
			remoteGlobalIDString = 14DE79892A61031E0090E61D;
			remoteInfo = Stando;
		};
/* End PBXContainerItemProxy section */

/* Begin PBXFileReference section */
		141C0C0B2B396F4C0098D000 /* SettingViewConstants.swift */ = {isa = PBXFileReference; lastKnownFileType = sourcecode.swift; path = SettingViewConstants.swift; sourceTree = "<group>"; };
		142A4E802A6A5B97006D5A32 /* SettingsView.swift */ = {isa = PBXFileReference; lastKnownFileType = sourcecode.swift; path = SettingsView.swift; sourceTree = "<group>"; };
		143D74B12A67A415006CD07E /* ImageButtonView.swift */ = {isa = PBXFileReference; lastKnownFileType = sourcecode.swift; path = ImageButtonView.swift; sourceTree = "<group>"; };
		143D74B32A67C66B006CD07E /* HoverableImageButtonView.swift */ = {isa = PBXFileReference; lastKnownFileType = sourcecode.swift; path = HoverableImageButtonView.swift; sourceTree = "<group>"; };
		143D74B52A67CBB7006CD07E /* DimensionConstants.swift */ = {isa = PBXFileReference; lastKnownFileType = sourcecode.swift; path = DimensionConstants.swift; sourceTree = "<group>"; };
		143D74BB2A67CF36006CD07E /* MovementModel.swift */ = {isa = PBXFileReference; lastKnownFileType = sourcecode.swift; path = MovementModel.swift; sourceTree = "<group>"; };
		14583AC92B36763600BF1D14 /* NotificationSettingsView.swift */ = {isa = PBXFileReference; lastKnownFileType = sourcecode.swift; path = NotificationSettingsView.swift; sourceTree = "<group>"; };
		146C22BE2B38273200D2A3FB /* Purr.aiff */ = {isa = PBXFileReference; lastKnownFileType = audio.aiff; path = Purr.aiff; sourceTree = "<group>"; };
		146C22BF2B38273200D2A3FB /* Frog.aiff */ = {isa = PBXFileReference; lastKnownFileType = audio.aiff; path = Frog.aiff; sourceTree = "<group>"; };
		146C22C02B38273200D2A3FB /* Tink.aiff */ = {isa = PBXFileReference; lastKnownFileType = audio.aiff; path = Tink.aiff; sourceTree = "<group>"; };
		146C22C12B38273200D2A3FB /* Bottle.aiff */ = {isa = PBXFileReference; lastKnownFileType = audio.aiff; path = Bottle.aiff; sourceTree = "<group>"; };
		146C22C22B38273200D2A3FB /* Sosumi.aiff */ = {isa = PBXFileReference; lastKnownFileType = audio.aiff; path = Sosumi.aiff; sourceTree = "<group>"; };
		146C22C32B38273200D2A3FB /* Pop.aiff */ = {isa = PBXFileReference; lastKnownFileType = audio.aiff; path = Pop.aiff; sourceTree = "<group>"; };
		146C22C42B38273200D2A3FB /* Blow.aiff */ = {isa = PBXFileReference; lastKnownFileType = audio.aiff; path = Blow.aiff; sourceTree = "<group>"; };
		146C22C52B38273200D2A3FB /* Hero.aiff */ = {isa = PBXFileReference; lastKnownFileType = audio.aiff; path = Hero.aiff; sourceTree = "<group>"; };
		146C22C62B38273200D2A3FB /* Ping.aiff */ = {isa = PBXFileReference; lastKnownFileType = audio.aiff; path = Ping.aiff; sourceTree = "<group>"; };
		146C22C72B38273200D2A3FB /* Basso.aiff */ = {isa = PBXFileReference; lastKnownFileType = audio.aiff; path = Basso.aiff; sourceTree = "<group>"; };
		146C22C82B38273200D2A3FB /* Submarine.aiff */ = {isa = PBXFileReference; lastKnownFileType = audio.aiff; path = Submarine.aiff; sourceTree = "<group>"; };
		146C22C92B38273200D2A3FB /* Glass.aiff */ = {isa = PBXFileReference; lastKnownFileType = audio.aiff; path = Glass.aiff; sourceTree = "<group>"; };
		146C22CA2B38273200D2A3FB /* Morse.aiff */ = {isa = PBXFileReference; lastKnownFileType = audio.aiff; path = Morse.aiff; sourceTree = "<group>"; };
		146C22CB2B38273200D2A3FB /* Funk.aiff */ = {isa = PBXFileReference; lastKnownFileType = audio.aiff; path = Funk.aiff; sourceTree = "<group>"; };
		1495C4412A73AC4100BED177 /* MessageConstants.swift */ = {isa = PBXFileReference; lastKnownFileType = sourcecode.swift; path = MessageConstants.swift; sourceTree = "<group>"; };
		149CF31D2A693A0900DB79D0 /* CountdownView.swift */ = {isa = PBXFileReference; lastKnownFileType = sourcecode.swift; path = CountdownView.swift; sourceTree = "<group>"; };
		149CF31F2A693DCD00DB79D0 /* SessionView.swift */ = {isa = PBXFileReference; lastKnownFileType = sourcecode.swift; path = SessionView.swift; sourceTree = "<group>"; };
		149CF3212A693E3300DB79D0 /* HeaderView.swift */ = {isa = PBXFileReference; lastKnownFileType = sourcecode.swift; path = HeaderView.swift; sourceTree = "<group>"; };
		149CF3242A693FD800DB79D0 /* SessionMetricView.swift */ = {isa = PBXFileReference; lastKnownFileType = sourcecode.swift; path = SessionMetricView.swift; sourceTree = "<group>"; };
		149CF3262A6943E900DB79D0 /* ProgressView.swift */ = {isa = PBXFileReference; lastKnownFileType = sourcecode.swift; path = ProgressView.swift; sourceTree = "<group>"; };
		149CF3282A6944AB00DB79D0 /* ControlsView.swift */ = {isa = PBXFileReference; lastKnownFileType = sourcecode.swift; path = ControlsView.swift; sourceTree = "<group>"; };
		14AE5CB12A6A386200647AFD /* SettingConstants.swift */ = {isa = PBXFileReference; lastKnownFileType = sourcecode.swift; path = SettingConstants.swift; sourceTree = "<group>"; };
		14C1DAD12A6FA6890045E6CE /* GeneralSettingsView.swift */ = {isa = PBXFileReference; lastKnownFileType = sourcecode.swift; path = GeneralSettingsView.swift; sourceTree = "<group>"; };
		14C1DAD52A6FC6540045E6CE /* DurationPickerView.swift */ = {isa = PBXFileReference; lastKnownFileType = sourcecode.swift; path = DurationPickerView.swift; sourceTree = "<group>"; };
		14C459E32A761A6A00B597C3 /* Info.plist */ = {isa = PBXFileReference; lastKnownFileType = text.plist.xml; path = Info.plist; sourceTree = "<group>"; };
		14DE267C2A6673A100754CC9 /* ProgressBarView.swift */ = {isa = PBXFileReference; lastKnownFileType = sourcecode.swift; path = ProgressBarView.swift; sourceTree = "<group>"; };
		14DE267E2A6674AF00754CC9 /* PopoverView.swift */ = {isa = PBXFileReference; lastKnownFileType = sourcecode.swift; path = PopoverView.swift; sourceTree = "<group>"; };
		14DE798A2A61031E0090E61D /* Stando.app */ = {isa = PBXFileReference; explicitFileType = wrapper.application; includeInIndex = 0; path = Stando.app; sourceTree = BUILT_PRODUCTS_DIR; };
		14DE798D2A61031E0090E61D /* StandoApp.swift */ = {isa = PBXFileReference; lastKnownFileType = sourcecode.swift; path = StandoApp.swift; sourceTree = "<group>"; };
		14DE79912A61031F0090E61D /* Assets.xcassets */ = {isa = PBXFileReference; lastKnownFileType = folder.assetcatalog; path = Assets.xcassets; sourceTree = "<group>"; };
		14DE79942A61031F0090E61D /* Preview Assets.xcassets */ = {isa = PBXFileReference; lastKnownFileType = folder.assetcatalog; path = "Preview Assets.xcassets"; sourceTree = "<group>"; };
		14DE79962A61031F0090E61D /* Stando.entitlements */ = {isa = PBXFileReference; lastKnownFileType = text.plist.entitlements; path = Stando.entitlements; sourceTree = "<group>"; };
		14DE799B2A61031F0090E61D /* StandoTests.xctest */ = {isa = PBXFileReference; explicitFileType = wrapper.cfbundle; includeInIndex = 0; path = StandoTests.xctest; sourceTree = BUILT_PRODUCTS_DIR; };
		14DE799F2A61031F0090E61D /* StandoTests.swift */ = {isa = PBXFileReference; lastKnownFileType = sourcecode.swift; path = StandoTests.swift; sourceTree = "<group>"; };
		14DE79A52A61031F0090E61D /* StandoUITests.xctest */ = {isa = PBXFileReference; explicitFileType = wrapper.cfbundle; includeInIndex = 0; path = StandoUITests.xctest; sourceTree = BUILT_PRODUCTS_DIR; };
		14DE79A92A61031F0090E61D /* StandoUITests.swift */ = {isa = PBXFileReference; lastKnownFileType = sourcecode.swift; path = StandoUITests.swift; sourceTree = "<group>"; };
		14DE79AB2A61031F0090E61D /* StandoUITestsLaunchTests.swift */ = {isa = PBXFileReference; lastKnownFileType = sourcecode.swift; path = StandoUITestsLaunchTests.swift; sourceTree = "<group>"; };
/* End PBXFileReference section */

/* Begin PBXFrameworksBuildPhase section */
		14DE79872A61031E0090E61D /* Frameworks */ = {
			isa = PBXFrameworksBuildPhase;
			buildActionMask = 2147483647;
			files = (
				1495C43C2A73A61300BED177 /* LaunchAtLogin in Frameworks */,
				14583AC82B36756700BF1D14 /* SettingsAccess in Frameworks */,
			);
			runOnlyForDeploymentPostprocessing = 0;
		};
		14DE79982A61031F0090E61D /* Frameworks */ = {
			isa = PBXFrameworksBuildPhase;
			buildActionMask = 2147483647;
			files = (
			);
			runOnlyForDeploymentPostprocessing = 0;
		};
		14DE79A22A61031F0090E61D /* Frameworks */ = {
			isa = PBXFrameworksBuildPhase;
			buildActionMask = 2147483647;
			files = (
			);
			runOnlyForDeploymentPostprocessing = 0;
		};
/* End PBXFrameworksBuildPhase section */

/* Begin PBXGroup section */
		143D74B72A67CDDC006CD07E /* Constants */ = {
			isa = PBXGroup;
			children = (
				143D74B52A67CBB7006CD07E /* DimensionConstants.swift */,
				14AE5CB12A6A386200647AFD /* SettingConstants.swift */,
				1495C4412A73AC4100BED177 /* MessageConstants.swift */,
				141C0C0B2B396F4C0098D000 /* SettingViewConstants.swift */,
			);
			path = Constants;
			sourceTree = "<group>";
		};
		143D74B82A67CE05006CD07E /* Views */ = {
			isa = PBXGroup;
			children = (
				14C1DAD02A6FA6710045E6CE /* Settings */,
				149CF3232A693F3C00DB79D0 /* Session */,
				143D74B92A67CE19006CD07E /* ImageButton */,
				14DE267E2A6674AF00754CC9 /* PopoverView.swift */,
				14DE267C2A6673A100754CC9 /* ProgressBarView.swift */,
				149CF31D2A693A0900DB79D0 /* CountdownView.swift */,
				149CF3212A693E3300DB79D0 /* HeaderView.swift */,
				149CF3262A6943E900DB79D0 /* ProgressView.swift */,
				149CF3282A6944AB00DB79D0 /* ControlsView.swift */,
				14C1DAD52A6FC6540045E6CE /* DurationPickerView.swift */,
			);
			path = Views;
			sourceTree = "<group>";
		};
		143D74B92A67CE19006CD07E /* ImageButton */ = {
			isa = PBXGroup;
			children = (
				143D74B32A67C66B006CD07E /* HoverableImageButtonView.swift */,
				143D74B12A67A415006CD07E /* ImageButtonView.swift */,
			);
			path = ImageButton;
			sourceTree = "<group>";
		};
		143D74BA2A67CEF8006CD07E /* Models */ = {
			isa = PBXGroup;
			children = (
				143D74BB2A67CF36006CD07E /* MovementModel.swift */,
			);
			path = Models;
			sourceTree = "<group>";
		};
		146C22BD2B38272900D2A3FB /* Sounds */ = {
			isa = PBXGroup;
			children = (
				146C22C72B38273200D2A3FB /* Basso.aiff */,
				146C22C42B38273200D2A3FB /* Blow.aiff */,
				146C22C12B38273200D2A3FB /* Bottle.aiff */,
				146C22BF2B38273200D2A3FB /* Frog.aiff */,
				146C22CB2B38273200D2A3FB /* Funk.aiff */,
				146C22C92B38273200D2A3FB /* Glass.aiff */,
				146C22C52B38273200D2A3FB /* Hero.aiff */,
				146C22CA2B38273200D2A3FB /* Morse.aiff */,
				146C22C62B38273200D2A3FB /* Ping.aiff */,
				146C22C32B38273200D2A3FB /* Pop.aiff */,
				146C22BE2B38273200D2A3FB /* Purr.aiff */,
				146C22C22B38273200D2A3FB /* Sosumi.aiff */,
				146C22C82B38273200D2A3FB /* Submarine.aiff */,
				146C22C02B38273200D2A3FB /* Tink.aiff */,
			);
			path = Sounds;
			sourceTree = "<group>";
		};
		149CF3232A693F3C00DB79D0 /* Session */ = {
			isa = PBXGroup;
			children = (
				149CF31F2A693DCD00DB79D0 /* SessionView.swift */,
				149CF3242A693FD800DB79D0 /* SessionMetricView.swift */,
			);
			path = Session;
			sourceTree = "<group>";
		};
		14C1DAD02A6FA6710045E6CE /* Settings */ = {
			isa = PBXGroup;
			children = (
				142A4E802A6A5B97006D5A32 /* SettingsView.swift */,
				14C1DAD12A6FA6890045E6CE /* GeneralSettingsView.swift */,
				14583AC92B36763600BF1D14 /* NotificationSettingsView.swift */,
			);
			path = Settings;
			sourceTree = "<group>";
		};
		14DE79812A61031E0090E61D = {
			isa = PBXGroup;
			children = (
				14DE798C2A61031E0090E61D /* Stando */,
				14DE799E2A61031F0090E61D /* StandoTests */,
				14DE79A82A61031F0090E61D /* StandoUITests */,
				14DE798B2A61031E0090E61D /* Products */,
			);
			sourceTree = "<group>";
		};
		14DE798B2A61031E0090E61D /* Products */ = {
			isa = PBXGroup;
			children = (
				14DE798A2A61031E0090E61D /* Stando.app */,
				14DE799B2A61031F0090E61D /* StandoTests.xctest */,
				14DE79A52A61031F0090E61D /* StandoUITests.xctest */,
			);
			name = Products;
			sourceTree = "<group>";
		};
		14DE798C2A61031E0090E61D /* Stando */ = {
			isa = PBXGroup;
			children = (
				146C22BD2B38272900D2A3FB /* Sounds */,
				14C459E32A761A6A00B597C3 /* Info.plist */,
				143D74BA2A67CEF8006CD07E /* Models */,
				143D74B82A67CE05006CD07E /* Views */,
				143D74B72A67CDDC006CD07E /* Constants */,
				14DE798D2A61031E0090E61D /* StandoApp.swift */,
				14DE79912A61031F0090E61D /* Assets.xcassets */,
				14DE79962A61031F0090E61D /* Stando.entitlements */,
				14DE79932A61031F0090E61D /* Preview Content */,
			);
			path = Stando;
			sourceTree = "<group>";
		};
		14DE79932A61031F0090E61D /* Preview Content */ = {
			isa = PBXGroup;
			children = (
				14DE79942A61031F0090E61D /* Preview Assets.xcassets */,
			);
			path = "Preview Content";
			sourceTree = "<group>";
		};
		14DE799E2A61031F0090E61D /* StandoTests */ = {
			isa = PBXGroup;
			children = (
				14DE799F2A61031F0090E61D /* StandoTests.swift */,
			);
			path = StandoTests;
			sourceTree = "<group>";
		};
		14DE79A82A61031F0090E61D /* StandoUITests */ = {
			isa = PBXGroup;
			children = (
				14DE79A92A61031F0090E61D /* StandoUITests.swift */,
				14DE79AB2A61031F0090E61D /* StandoUITestsLaunchTests.swift */,
			);
			path = StandoUITests;
			sourceTree = "<group>";
		};
/* End PBXGroup section */

/* Begin PBXNativeTarget section */
		14DE79892A61031E0090E61D /* Stando */ = {
			isa = PBXNativeTarget;
			buildConfigurationList = 14DE79AF2A61031F0090E61D /* Build configuration list for PBXNativeTarget "Stando" */;
			buildPhases = (
				14DE79862A61031E0090E61D /* Sources */,
				14DE79872A61031E0090E61D /* Frameworks */,
				14DE79882A61031E0090E61D /* Resources */,
				1495C43D2A73A67B00BED177 /* Copy “Launch at Login Helper” */,
			);
			buildRules = (
			);
			dependencies = (
			);
			name = Stando;
			packageProductDependencies = (
				1495C43B2A73A61300BED177 /* LaunchAtLogin */,
				14583AC72B36756700BF1D14 /* SettingsAccess */,
			);
			productName = Stando;
			productReference = 14DE798A2A61031E0090E61D /* Stando.app */;
			productType = "com.apple.product-type.application";
		};
		14DE799A2A61031F0090E61D /* StandoTests */ = {
			isa = PBXNativeTarget;
			buildConfigurationList = 14DE79B22A61031F0090E61D /* Build configuration list for PBXNativeTarget "StandoTests" */;
			buildPhases = (
				14DE79972A61031F0090E61D /* Sources */,
				14DE79982A61031F0090E61D /* Frameworks */,
				14DE79992A61031F0090E61D /* Resources */,
			);
			buildRules = (
			);
			dependencies = (
				14DE799D2A61031F0090E61D /* PBXTargetDependency */,
			);
			name = StandoTests;
			productName = StandoTests;
			productReference = 14DE799B2A61031F0090E61D /* StandoTests.xctest */;
			productType = "com.apple.product-type.bundle.unit-test";
		};
		14DE79A42A61031F0090E61D /* StandoUITests */ = {
			isa = PBXNativeTarget;
			buildConfigurationList = 14DE79B52A61031F0090E61D /* Build configuration list for PBXNativeTarget "StandoUITests" */;
			buildPhases = (
				14DE79A12A61031F0090E61D /* Sources */,
				14DE79A22A61031F0090E61D /* Frameworks */,
				14DE79A32A61031F0090E61D /* Resources */,
			);
			buildRules = (
			);
			dependencies = (
				14DE79A72A61031F0090E61D /* PBXTargetDependency */,
			);
			name = StandoUITests;
			productName = StandoUITests;
			productReference = 14DE79A52A61031F0090E61D /* StandoUITests.xctest */;
			productType = "com.apple.product-type.bundle.ui-testing";
		};
/* End PBXNativeTarget section */

/* Begin PBXProject section */
		14DE79822A61031E0090E61D /* Project object */ = {
			isa = PBXProject;
			attributes = {
				BuildIndependentTargetsInParallel = 1;
				LastSwiftUpdateCheck = 1430;
				LastUpgradeCheck = 1430;
				TargetAttributes = {
					14DE79892A61031E0090E61D = {
						CreatedOnToolsVersion = 14.3.1;
					};
					14DE799A2A61031F0090E61D = {
						CreatedOnToolsVersion = 14.3.1;
						TestTargetID = 14DE79892A61031E0090E61D;
					};
					14DE79A42A61031F0090E61D = {
						CreatedOnToolsVersion = 14.3.1;
						TestTargetID = 14DE79892A61031E0090E61D;
					};
				};
			};
			buildConfigurationList = 14DE79852A61031E0090E61D /* Build configuration list for PBXProject "Stando" */;
			compatibilityVersion = "Xcode 14.0";
			developmentRegion = en;
			hasScannedForEncodings = 0;
			knownRegions = (
				en,
				Base,
			);
			mainGroup = 14DE79812A61031E0090E61D;
			packageReferences = (
				1495C43A2A73A61300BED177 /* XCRemoteSwiftPackageReference "LaunchAtLogin" */,
				14583AC62B36756700BF1D14 /* XCRemoteSwiftPackageReference "SettingsAccess" */,
			);
			productRefGroup = 14DE798B2A61031E0090E61D /* Products */;
			projectDirPath = "";
			projectRoot = "";
			targets = (
				14DE79892A61031E0090E61D /* Stando */,
				14DE799A2A61031F0090E61D /* StandoTests */,
				14DE79A42A61031F0090E61D /* StandoUITests */,
			);
		};
/* End PBXProject section */

/* Begin PBXResourcesBuildPhase section */
		14DE79882A61031E0090E61D /* Resources */ = {
			isa = PBXResourcesBuildPhase;
			buildActionMask = 2147483647;
			files = (
				146C22D82B38273200D2A3FB /* Morse.aiff in Resources */,
				146C22D92B38273200D2A3FB /* Funk.aiff in Resources */,
				146C22D72B38273200D2A3FB /* Glass.aiff in Resources */,
				146C22D22B38273200D2A3FB /* Blow.aiff in Resources */,
				146C22CE2B38273200D2A3FB /* Tink.aiff in Resources */,
				146C22CF2B38273200D2A3FB /* Bottle.aiff in Resources */,
				146C22D02B38273200D2A3FB /* Sosumi.aiff in Resources */,
				146C22D42B38273200D2A3FB /* Ping.aiff in Resources */,
				146C22D62B38273200D2A3FB /* Submarine.aiff in Resources */,
				146C22D12B38273200D2A3FB /* Pop.aiff in Resources */,
				146C22D52B38273200D2A3FB /* Basso.aiff in Resources */,
				14DE79952A61031F0090E61D /* Preview Assets.xcassets in Resources */,
				14DE79922A61031F0090E61D /* Assets.xcassets in Resources */,
				146C22CC2B38273200D2A3FB /* Purr.aiff in Resources */,
				146C22CD2B38273200D2A3FB /* Frog.aiff in Resources */,
				146C22D32B38273200D2A3FB /* Hero.aiff in Resources */,
			);
			runOnlyForDeploymentPostprocessing = 0;
		};
		14DE79992A61031F0090E61D /* Resources */ = {
			isa = PBXResourcesBuildPhase;
			buildActionMask = 2147483647;
			files = (
			);
			runOnlyForDeploymentPostprocessing = 0;
		};
		14DE79A32A61031F0090E61D /* Resources */ = {
			isa = PBXResourcesBuildPhase;
			buildActionMask = 2147483647;
			files = (
			);
			runOnlyForDeploymentPostprocessing = 0;
		};
/* End PBXResourcesBuildPhase section */

/* Begin PBXShellScriptBuildPhase section */
		1495C43D2A73A67B00BED177 /* Copy “Launch at Login Helper” */ = {
			isa = PBXShellScriptBuildPhase;
			alwaysOutOfDate = 1;
			buildActionMask = 2147483647;
			files = (
			);
			inputFileListPaths = (
			);
			inputPaths = (
				"${BUILT_PRODUCTS_DIR}/LaunchAtLogin_LaunchAtLogin.bundle/Contents/Resources/copy-helper-swiftpm.sh",
				"${BUILT_PRODUCTS_DIR}/LaunchAtLogin_LaunchAtLogin.bundle/Contents/Resources/LaunchAtLoginHelper.zip",
				"${BUILT_PRODUCTS_DIR}/LaunchAtLogin_LaunchAtLogin.bundle/Contents/Resources/LaunchAtLoginHelper-with-runtime.zip",
			);
			name = "Copy “Launch at Login Helper”";
			outputFileListPaths = (
			);
			outputPaths = (
			);
			runOnlyForDeploymentPostprocessing = 0;
			shellPath = /bin/sh;
			shellScript = "\"${BUILT_PRODUCTS_DIR}/LaunchAtLogin_LaunchAtLogin.bundle/Contents/Resources/copy-helper-swiftpm.sh\"\n";
		};
/* End PBXShellScriptBuildPhase section */

/* Begin PBXSourcesBuildPhase section */
		14DE79862A61031E0090E61D /* Sources */ = {
			isa = PBXSourcesBuildPhase;
			buildActionMask = 2147483647;
			files = (
				143D74B42A67C66B006CD07E /* HoverableImageButtonView.swift in Sources */,
				14DE267D2A6673A100754CC9 /* ProgressBarView.swift in Sources */,
				14C1DAD62A6FC6540045E6CE /* DurationPickerView.swift in Sources */,
				142A4E812A6A5B97006D5A32 /* SettingsView.swift in Sources */,
				143D74B62A67CBB7006CD07E /* DimensionConstants.swift in Sources */,
				143D74BC2A67CF36006CD07E /* MovementModel.swift in Sources */,
				149CF3202A693DCD00DB79D0 /* SessionView.swift in Sources */,
				149CF3252A693FD800DB79D0 /* SessionMetricView.swift in Sources */,
				14AE5CB22A6A386200647AFD /* SettingConstants.swift in Sources */,
				14DE267F2A6674AF00754CC9 /* PopoverView.swift in Sources */,
				14C1DAD22A6FA6890045E6CE /* GeneralSettingsView.swift in Sources */,
				14583ACA2B36763600BF1D14 /* NotificationSettingsView.swift in Sources */,
				1495C4422A73AC4100BED177 /* MessageConstants.swift in Sources */,
				149CF3222A693E3300DB79D0 /* HeaderView.swift in Sources */,
				149CF31E2A693A0900DB79D0 /* CountdownView.swift in Sources */,
				143D74B22A67A415006CD07E /* ImageButtonView.swift in Sources */,
				149CF3272A6943E900DB79D0 /* ProgressView.swift in Sources */,
				149CF3292A6944AB00DB79D0 /* ControlsView.swift in Sources */,
				14DE798E2A61031E0090E61D /* StandoApp.swift in Sources */,
				141C0C0C2B396F4C0098D000 /* SettingViewConstants.swift in Sources */,
			);
			runOnlyForDeploymentPostprocessing = 0;
		};
		14DE79972A61031F0090E61D /* Sources */ = {
			isa = PBXSourcesBuildPhase;
			buildActionMask = 2147483647;
			files = (
				14DE79A02A61031F0090E61D /* StandoTests.swift in Sources */,
			);
			runOnlyForDeploymentPostprocessing = 0;
		};
		14DE79A12A61031F0090E61D /* Sources */ = {
			isa = PBXSourcesBuildPhase;
			buildActionMask = 2147483647;
			files = (
				14DE79AA2A61031F0090E61D /* StandoUITests.swift in Sources */,
				14DE79AC2A61031F0090E61D /* StandoUITestsLaunchTests.swift in Sources */,
			);
			runOnlyForDeploymentPostprocessing = 0;
		};
/* End PBXSourcesBuildPhase section */

/* Begin PBXTargetDependency section */
		14DE799D2A61031F0090E61D /* PBXTargetDependency */ = {
			isa = PBXTargetDependency;
			target = 14DE79892A61031E0090E61D /* Stando */;
			targetProxy = 14DE799C2A61031F0090E61D /* PBXContainerItemProxy */;
		};
		14DE79A72A61031F0090E61D /* PBXTargetDependency */ = {
			isa = PBXTargetDependency;
			target = 14DE79892A61031E0090E61D /* Stando */;
			targetProxy = 14DE79A62A61031F0090E61D /* PBXContainerItemProxy */;
		};
/* End PBXTargetDependency section */

/* Begin XCBuildConfiguration section */
		14DE79AD2A61031F0090E61D /* Debug */ = {
			isa = XCBuildConfiguration;
			buildSettings = {
				ALWAYS_SEARCH_USER_PATHS = NO;
				CLANG_ANALYZER_NONNULL = YES;
				CLANG_ANALYZER_NUMBER_OBJECT_CONVERSION = YES_AGGRESSIVE;
				CLANG_CXX_LANGUAGE_STANDARD = "gnu++20";
				CLANG_ENABLE_MODULES = YES;
				CLANG_ENABLE_OBJC_ARC = YES;
				CLANG_ENABLE_OBJC_WEAK = YES;
				CLANG_WARN_BLOCK_CAPTURE_AUTORELEASING = YES;
				CLANG_WARN_BOOL_CONVERSION = YES;
				CLANG_WARN_COMMA = YES;
				CLANG_WARN_CONSTANT_CONVERSION = YES;
				CLANG_WARN_DEPRECATED_OBJC_IMPLEMENTATIONS = YES;
				CLANG_WARN_DIRECT_OBJC_ISA_USAGE = YES_ERROR;
				CLANG_WARN_DOCUMENTATION_COMMENTS = YES;
				CLANG_WARN_EMPTY_BODY = YES;
				CLANG_WARN_ENUM_CONVERSION = YES;
				CLANG_WARN_INFINITE_RECURSION = YES;
				CLANG_WARN_INT_CONVERSION = YES;
				CLANG_WARN_NON_LITERAL_NULL_CONVERSION = YES;
				CLANG_WARN_OBJC_IMPLICIT_RETAIN_SELF = YES;
				CLANG_WARN_OBJC_LITERAL_CONVERSION = YES;
				CLANG_WARN_OBJC_ROOT_CLASS = YES_ERROR;
				CLANG_WARN_QUOTED_INCLUDE_IN_FRAMEWORK_HEADER = YES;
				CLANG_WARN_RANGE_LOOP_ANALYSIS = YES;
				CLANG_WARN_STRICT_PROTOTYPES = YES;
				CLANG_WARN_SUSPICIOUS_MOVE = YES;
				CLANG_WARN_UNGUARDED_AVAILABILITY = YES_AGGRESSIVE;
				CLANG_WARN_UNREACHABLE_CODE = YES;
				CLANG_WARN__DUPLICATE_METHOD_MATCH = YES;
				COPY_PHASE_STRIP = NO;
				DEBUG_INFORMATION_FORMAT = dwarf;
				ENABLE_STRICT_OBJC_MSGSEND = YES;
				ENABLE_TESTABILITY = YES;
				GCC_C_LANGUAGE_STANDARD = gnu11;
				GCC_DYNAMIC_NO_PIC = NO;
				GCC_NO_COMMON_BLOCKS = YES;
				GCC_OPTIMIZATION_LEVEL = 0;
				GCC_PREPROCESSOR_DEFINITIONS = (
					"DEBUG=1",
					"$(inherited)",
				);
				GCC_WARN_64_TO_32_BIT_CONVERSION = YES;
				GCC_WARN_ABOUT_RETURN_TYPE = YES_ERROR;
				GCC_WARN_UNDECLARED_SELECTOR = YES;
				GCC_WARN_UNINITIALIZED_AUTOS = YES_AGGRESSIVE;
				GCC_WARN_UNUSED_FUNCTION = YES;
				GCC_WARN_UNUSED_VARIABLE = YES;
				INFOPLIST_KEY_LSUIElement = YES;
				MACOSX_DEPLOYMENT_TARGET = 13.0;
				MTL_ENABLE_DEBUG_INFO = INCLUDE_SOURCE;
				MTL_FAST_MATH = YES;
				ONLY_ACTIVE_ARCH = YES;
				SDKROOT = macosx;
				SWIFT_ACTIVE_COMPILATION_CONDITIONS = DEBUG;
				SWIFT_OPTIMIZATION_LEVEL = "-Onone";
			};
			name = Debug;
		};
		14DE79AE2A61031F0090E61D /* Release */ = {
			isa = XCBuildConfiguration;
			buildSettings = {
				ALWAYS_SEARCH_USER_PATHS = NO;
				CLANG_ANALYZER_NONNULL = YES;
				CLANG_ANALYZER_NUMBER_OBJECT_CONVERSION = YES_AGGRESSIVE;
				CLANG_CXX_LANGUAGE_STANDARD = "gnu++20";
				CLANG_ENABLE_MODULES = YES;
				CLANG_ENABLE_OBJC_ARC = YES;
				CLANG_ENABLE_OBJC_WEAK = YES;
				CLANG_WARN_BLOCK_CAPTURE_AUTORELEASING = YES;
				CLANG_WARN_BOOL_CONVERSION = YES;
				CLANG_WARN_COMMA = YES;
				CLANG_WARN_CONSTANT_CONVERSION = YES;
				CLANG_WARN_DEPRECATED_OBJC_IMPLEMENTATIONS = YES;
				CLANG_WARN_DIRECT_OBJC_ISA_USAGE = YES_ERROR;
				CLANG_WARN_DOCUMENTATION_COMMENTS = YES;
				CLANG_WARN_EMPTY_BODY = YES;
				CLANG_WARN_ENUM_CONVERSION = YES;
				CLANG_WARN_INFINITE_RECURSION = YES;
				CLANG_WARN_INT_CONVERSION = YES;
				CLANG_WARN_NON_LITERAL_NULL_CONVERSION = YES;
				CLANG_WARN_OBJC_IMPLICIT_RETAIN_SELF = YES;
				CLANG_WARN_OBJC_LITERAL_CONVERSION = YES;
				CLANG_WARN_OBJC_ROOT_CLASS = YES_ERROR;
				CLANG_WARN_QUOTED_INCLUDE_IN_FRAMEWORK_HEADER = YES;
				CLANG_WARN_RANGE_LOOP_ANALYSIS = YES;
				CLANG_WARN_STRICT_PROTOTYPES = YES;
				CLANG_WARN_SUSPICIOUS_MOVE = YES;
				CLANG_WARN_UNGUARDED_AVAILABILITY = YES_AGGRESSIVE;
				CLANG_WARN_UNREACHABLE_CODE = YES;
				CLANG_WARN__DUPLICATE_METHOD_MATCH = YES;
				COPY_PHASE_STRIP = NO;
				DEBUG_INFORMATION_FORMAT = "dwarf-with-dsym";
				ENABLE_NS_ASSERTIONS = NO;
				ENABLE_STRICT_OBJC_MSGSEND = YES;
				GCC_C_LANGUAGE_STANDARD = gnu11;
				GCC_NO_COMMON_BLOCKS = YES;
				GCC_WARN_64_TO_32_BIT_CONVERSION = YES;
				GCC_WARN_ABOUT_RETURN_TYPE = YES_ERROR;
				GCC_WARN_UNDECLARED_SELECTOR = YES;
				GCC_WARN_UNINITIALIZED_AUTOS = YES_AGGRESSIVE;
				GCC_WARN_UNUSED_FUNCTION = YES;
				GCC_WARN_UNUSED_VARIABLE = YES;
				INFOPLIST_KEY_LSUIElement = YES;
				MACOSX_DEPLOYMENT_TARGET = 13.0;
				MTL_ENABLE_DEBUG_INFO = NO;
				MTL_FAST_MATH = YES;
				SDKROOT = macosx;
				SWIFT_COMPILATION_MODE = wholemodule;
				SWIFT_OPTIMIZATION_LEVEL = "-O";
			};
			name = Release;
		};
		14DE79B02A61031F0090E61D /* Debug */ = {
			isa = XCBuildConfiguration;
			buildSettings = {
				ASSETCATALOG_COMPILER_APPICON_NAME = AppIcon;
				ASSETCATALOG_COMPILER_GLOBAL_ACCENT_COLOR_NAME = AccentColor;
				CODE_SIGN_ENTITLEMENTS = Stando/Stando.entitlements;
				"CODE_SIGN_IDENTITY[sdk=macosx*]" = "Apple Development";
				CODE_SIGN_STYLE = Automatic;
				COMBINE_HIDPI_IMAGES = YES;
				CURRENT_PROJECT_VERSION = 5;
				DEVELOPMENT_ASSET_PATHS = "\"Stando/Preview Content\"";
				DEVELOPMENT_TEAM = 5C93L24A22;
				ENABLE_HARDENED_RUNTIME = YES;
				ENABLE_PREVIEWS = YES;
				GENERATE_INFOPLIST_FILE = YES;
				INFOPLIST_FILE = Stando/Info.plist;
				INFOPLIST_KEY_CFBundleDisplayName = Stando;
				INFOPLIST_KEY_LSApplicationCategoryType = "public.app-category.healthcare-fitness";
				INFOPLIST_KEY_LSUIElement = YES;
				INFOPLIST_KEY_NSHumanReadableCopyright = "";
				LD_RUNPATH_SEARCH_PATHS = (
					"$(inherited)",
					"@executable_path/../Frameworks",
				);
				MACOSX_DEPLOYMENT_TARGET = 13.0;
				MARKETING_VERSION = 1.3.0;
				PRODUCT_BUNDLE_IDENTIFIER = com.maxwowo.stando;
				PRODUCT_NAME = "$(TARGET_NAME)";
				SWIFT_EMIT_LOC_STRINGS = YES;
				SWIFT_VERSION = 5.0;
			};
			name = Debug;
		};
		14DE79B12A61031F0090E61D /* Release */ = {
			isa = XCBuildConfiguration;
			buildSettings = {
				ASSETCATALOG_COMPILER_APPICON_NAME = AppIcon;
				ASSETCATALOG_COMPILER_GLOBAL_ACCENT_COLOR_NAME = AccentColor;
				CODE_SIGN_ENTITLEMENTS = Stando/Stando.entitlements;
				"CODE_SIGN_IDENTITY[sdk=macosx*]" = "Apple Development";
				CODE_SIGN_STYLE = Automatic;
				COMBINE_HIDPI_IMAGES = YES;
				CURRENT_PROJECT_VERSION = 5;
				DEVELOPMENT_ASSET_PATHS = "\"Stando/Preview Content\"";
				DEVELOPMENT_TEAM = 5C93L24A22;
				ENABLE_HARDENED_RUNTIME = YES;
				ENABLE_PREVIEWS = YES;
				GENERATE_INFOPLIST_FILE = YES;
				INFOPLIST_FILE = Stando/Info.plist;
				INFOPLIST_KEY_CFBundleDisplayName = Stando;
				INFOPLIST_KEY_LSApplicationCategoryType = "public.app-category.healthcare-fitness";
				INFOPLIST_KEY_LSUIElement = YES;
				INFOPLIST_KEY_NSHumanReadableCopyright = "";
				LD_RUNPATH_SEARCH_PATHS = (
					"$(inherited)",
					"@executable_path/../Frameworks",
				);
				MACOSX_DEPLOYMENT_TARGET = 13.0;
				MARKETING_VERSION = 1.3.0;
				PRODUCT_BUNDLE_IDENTIFIER = com.maxwowo.stando;
				PRODUCT_NAME = "$(TARGET_NAME)";
				SWIFT_EMIT_LOC_STRINGS = YES;
				SWIFT_VERSION = 5.0;
			};
			name = Release;
		};
		14DE79B32A61031F0090E61D /* Debug */ = {
			isa = XCBuildConfiguration;
			buildSettings = {
				ALWAYS_EMBED_SWIFT_STANDARD_LIBRARIES = YES;
				BUNDLE_LOADER = "$(TEST_HOST)";
				CODE_SIGN_STYLE = Automatic;
				CURRENT_PROJECT_VERSION = 1;
				DEVELOPMENT_TEAM = 5C93L24A22;
				GENERATE_INFOPLIST_FILE = YES;
				MACOSX_DEPLOYMENT_TARGET = 13.3;
				MARKETING_VERSION = 1.0;
				PRODUCT_BUNDLE_IDENTIFIER = com.maxwowo.StandoTests;
				PRODUCT_NAME = "$(TARGET_NAME)";
				SWIFT_EMIT_LOC_STRINGS = NO;
				SWIFT_VERSION = 5.0;
				TEST_HOST = "$(BUILT_PRODUCTS_DIR)/Stando.app/$(BUNDLE_EXECUTABLE_FOLDER_PATH)/Stando";
			};
			name = Debug;
		};
		14DE79B42A61031F0090E61D /* Release */ = {
			isa = XCBuildConfiguration;
			buildSettings = {
				ALWAYS_EMBED_SWIFT_STANDARD_LIBRARIES = YES;
				BUNDLE_LOADER = "$(TEST_HOST)";
				CODE_SIGN_STYLE = Automatic;
				CURRENT_PROJECT_VERSION = 1;
				DEVELOPMENT_TEAM = 5C93L24A22;
				GENERATE_INFOPLIST_FILE = YES;
				MACOSX_DEPLOYMENT_TARGET = 13.3;
				MARKETING_VERSION = 1.0;
				PRODUCT_BUNDLE_IDENTIFIER = com.maxwowo.StandoTests;
				PRODUCT_NAME = "$(TARGET_NAME)";
				SWIFT_EMIT_LOC_STRINGS = NO;
				SWIFT_VERSION = 5.0;
				TEST_HOST = "$(BUILT_PRODUCTS_DIR)/Stando.app/$(BUNDLE_EXECUTABLE_FOLDER_PATH)/Stando";
			};
			name = Release;
		};
		14DE79B62A61031F0090E61D /* Debug */ = {
			isa = XCBuildConfiguration;
			buildSettings = {
				ALWAYS_EMBED_SWIFT_STANDARD_LIBRARIES = YES;
				CODE_SIGN_STYLE = Automatic;
				CURRENT_PROJECT_VERSION = 1;
				DEVELOPMENT_TEAM = 5C93L24A22;
				GENERATE_INFOPLIST_FILE = YES;
				MARKETING_VERSION = 1.0;
				PRODUCT_BUNDLE_IDENTIFIER = com.maxwowo.StandoUITests;
				PRODUCT_NAME = "$(TARGET_NAME)";
				SWIFT_EMIT_LOC_STRINGS = NO;
				SWIFT_VERSION = 5.0;
				TEST_TARGET_NAME = Stando;
			};
			name = Debug;
		};
		14DE79B72A61031F0090E61D /* Release */ = {
			isa = XCBuildConfiguration;
			buildSettings = {
				ALWAYS_EMBED_SWIFT_STANDARD_LIBRARIES = YES;
				CODE_SIGN_STYLE = Automatic;
				CURRENT_PROJECT_VERSION = 1;
				DEVELOPMENT_TEAM = 5C93L24A22;
				GENERATE_INFOPLIST_FILE = YES;
				MARKETING_VERSION = 1.0;
				PRODUCT_BUNDLE_IDENTIFIER = com.maxwowo.StandoUITests;
				PRODUCT_NAME = "$(TARGET_NAME)";
				SWIFT_EMIT_LOC_STRINGS = NO;
				SWIFT_VERSION = 5.0;
				TEST_TARGET_NAME = Stando;
			};
			name = Release;
		};
/* End XCBuildConfiguration section */

/* Begin XCConfigurationList section */
		14DE79852A61031E0090E61D /* Build configuration list for PBXProject "Stando" */ = {
			isa = XCConfigurationList;
			buildConfigurations = (
				14DE79AD2A61031F0090E61D /* Debug */,
				14DE79AE2A61031F0090E61D /* Release */,
			);
			defaultConfigurationIsVisible = 0;
			defaultConfigurationName = Release;
		};
		14DE79AF2A61031F0090E61D /* Build configuration list for PBXNativeTarget "Stando" */ = {
			isa = XCConfigurationList;
			buildConfigurations = (
				14DE79B02A61031F0090E61D /* Debug */,
				14DE79B12A61031F0090E61D /* Release */,
			);
			defaultConfigurationIsVisible = 0;
			defaultConfigurationName = Release;
		};
		14DE79B22A61031F0090E61D /* Build configuration list for PBXNativeTarget "StandoTests" */ = {
			isa = XCConfigurationList;
			buildConfigurations = (
				14DE79B32A61031F0090E61D /* Debug */,
				14DE79B42A61031F0090E61D /* Release */,
			);
			defaultConfigurationIsVisible = 0;
			defaultConfigurationName = Release;
		};
		14DE79B52A61031F0090E61D /* Build configuration list for PBXNativeTarget "StandoUITests" */ = {
			isa = XCConfigurationList;
			buildConfigurations = (
				14DE79B62A61031F0090E61D /* Debug */,
				14DE79B72A61031F0090E61D /* Release */,
			);
			defaultConfigurationIsVisible = 0;
			defaultConfigurationName = Release;
		};
/* End XCConfigurationList section */

/* Begin XCRemoteSwiftPackageReference section */
		14583AC62B36756700BF1D14 /* XCRemoteSwiftPackageReference "SettingsAccess" */ = {
			isa = XCRemoteSwiftPackageReference;
			repositoryURL = "https://github.com/orchetect/SettingsAccess";
			requirement = {
				kind = upToNextMajorVersion;
				minimumVersion = 1.4.0;
			};
		};
		1495C43A2A73A61300BED177 /* XCRemoteSwiftPackageReference "LaunchAtLogin" */ = {
			isa = XCRemoteSwiftPackageReference;
			repositoryURL = "https://github.com/sindresorhus/LaunchAtLogin";
			requirement = {
				branch = main;
				kind = branch;
			};
		};
/* End XCRemoteSwiftPackageReference section */

/* Begin XCSwiftPackageProductDependency section */
		14583AC72B36756700BF1D14 /* SettingsAccess */ = {
			isa = XCSwiftPackageProductDependency;
			package = 14583AC62B36756700BF1D14 /* XCRemoteSwiftPackageReference "SettingsAccess" */;
			productName = SettingsAccess;
		};
		1495C43B2A73A61300BED177 /* LaunchAtLogin */ = {
			isa = XCSwiftPackageProductDependency;
			package = 1495C43A2A73A61300BED177 /* XCRemoteSwiftPackageReference "LaunchAtLogin" */;
			productName = LaunchAtLogin;
		};
/* End XCSwiftPackageProductDependency section */
	};
	rootObject = 14DE79822A61031E0090E61D /* Project object */;
}
